{
  "name": "discord-tools",
  "lockfileVersion": 2,
  "requires": true,
  "packages": {
    "": {
      "dependencies": {
        "axios": "^0.26.0",
        "eris": "^0.17.1"
      }
    },
    "node_modules/axios": {
      "version": "0.26.0",
      "resolved": "https://registry.npmjs.org/axios/-/axios-0.26.0.tgz",
      "integrity": "sha512-lKoGLMYtHvFrPVt3r+RBMp9nh34N0M8zEfCWqdWZx6phynIEhQqAdydpyBAAG211zlhX9Rgu08cOamy6XjE5Og==",
      "dependencies": {
        "follow-redirects": "^1.14.8"
      }
    },
    "node_modules/eris": {
      "version": "0.17.1",
      "resolved": "https://registry.npmjs.org/eris/-/eris-0.17.1.tgz",
      "integrity": "sha512-PexpHusPxViuzcsSM0GQEAgZRJbziFfeeLifc8+ZrvS88UusPieQlUD7pRm28E7m7rN+p+Rt6bf9jGLwD725Zg==",
      "dependencies": {
        "ws": "^8.2.3"
      },
      "engines": {
        "node": ">=10.4.0"
      },
      "optionalDependencies": {
        "opusscript": "^0.0.8",
        "tweetnacl": "^1.0.3"
      }
    },
    "node_modules/follow-redirects": {
      "version": "1.14.9",
      "resolved": "https://registry.npmjs.org/follow-redirects/-/follow-redirects-1.14.9.tgz",
      "integrity": "sha512-MQDfihBQYMcyy5dhRDJUHcw7lb2Pv/TuE6xP1vyraLukNDHKbDxDNaOE3NbCAdKQApno+GPRyo1YAp89yCjK4w==",
      "funding": [
        {
          "type": "individual",
          "url": "https://github.com/sponsors/RubenVerborgh"
        }
      ],
      "engines": {
        "node": ">=4.0"
      },
      "peerDependenciesMeta": {
        "debug": {
          "optional": true
        }
      }
    },
    "node_modules/opusscript": {
      "version": "0.0.8",
      "resolved": "https://registry.npmjs.org/opusscript/-/opusscript-0.0.8.tgz",
      "integrity": "sha512-VSTi1aWFuCkRCVq+tx/BQ5q9fMnQ9pVZ3JU4UHKqTkf0ED3fKEPdr+gKAAl3IA2hj9rrP6iyq3hlcJq3HELtNQ==",
      "optional": true
    },
    "node_modules/tweetnacl": {
      "version": "1.0.3",
      "resolved": "https://registry.npmjs.org/tweetnacl/-/tweetnacl-1.0.3.tgz",
      "integrity": "sha512-6rt+RN7aOi1nGMyC4Xa5DdYiukl2UWCbcJft7YhxReBGQD7OAM8Pbxw6YMo4r2diNEA8FEmu32YOn9rhaiE5yw==",
      "optional": true
    },
    "node_modules/ws": {
      "version": "8.12.1",
      "resolved": "https://registry.npmjs.org/ws/-/ws-8.12.1.tgz",
      "integrity": "sha512-1qo+M9Ba+xNhPB+YTWUlK6M17brTut5EXbcBaMRN5pH5dFrXz7lzz1ChFSUq3bOUl8yEvSenhHmYUNJxFzdJew==",
      "engines": {
        "node": ">=10.0.0"
      },
      "peerDependencies": {
        "bufferutil": "^4.0.1",
        "utf-8-validate": ">=5.0.2"
      },
      "peerDependenciesMeta": {
        "bufferutil": {
          "optional": true
        },
        "utf-8-validate": {
          "optional": true
        }
      }
    }
  },
  "dependencies": {
    "axios": {
      "version": "0.26.0",
      "resolved": "https://registry.npmjs.org/axios/-/axios-0.26.0.tgz",
      "integrity": "sha512-lKoGLMYtHvFrPVt3r+RBMp9nh34N0M8zEfCWqdWZx6phynIEhQqAdydpyBAAG211zlhX9Rgu08cOamy6XjE5Og==",
      "requires": {
        "follow-redirects": "^1.14.8"
      }
    },
    "eris": {
      "version": "0.17.1",
      "resolved": "https://registry.npmjs.org/eris/-/eris-0.17.1.tgz",
      "integrity": "sha512-PexpHusPxViuzcsSM0GQEAgZRJbziFfeeLifc8+ZrvS88UusPieQlUD7pRm28E7m7rN+p+Rt6bf9jGLwD725Zg==",
      "requires": {
        "opusscript": "^0.0.8",
        "tweetnacl": "^1.0.3",
        "ws": "^8.2.3"
      }
    },
    "follow-redirects": {
      "version": "1.14.9",
      "resolved": "https://registry.npmjs.org/follow-redirects/-/follow-redirects-1.14.9.tgz",
      "integrity": "sha512-MQDfihBQYMcyy5dhRDJUHcw7lb2Pv/TuE6xP1vyraLukNDHKbDxDNaOE3NbCAdKQApno+GPRyo1YAp89yCjK4w=="
    },
    "opusscript": {
      "version": "0.0.8",
      "resolved": "https://registry.npmjs.org/opusscript/-/opusscript-0.0.8.tgz",
      "integrity": "sha512-VSTi1aWFuCkRCVq+tx/BQ5q9fMnQ9pVZ3JU4UHKqTkf0ED3fKEPdr+gKAAl3IA2hj9rrP6iyq3hlcJq3HELtNQ==",
      "optional": true
    },
    "tweetnacl": {
      "version": "1.0.3",
      "resolved": "https://registry.npmjs.org/tweetnacl/-/tweetnacl-1.0.3.tgz",
      "integrity": "sha512-6rt+RN7aOi1nGMyC4Xa5DdYiukl2UWCbcJft7YhxReBGQD7OAM8Pbxw6YMo4r2diNEA8FEmu32YOn9rhaiE5yw==",
      "optional": true
    },
    "ws": {
      "version": "8.12.1",
      "resolved": "https://registry.npmjs.org/ws/-/ws-8.12.1.tgz",
      "integrity": "sha512-1qo+M9Ba+xNhPB+YTWUlK6M17brTut5EXbcBaMRN5pH5dFrXz7lzz1ChFSUq3bOUl8yEvSenhHmYUNJxFzdJew==",
      "requires": {}
    }
  }
}
